
Microsoft Visual Studio Solution File, Format Version 12.00
# Visual Studio Version 17
VisualStudioVersion = 17.11.35303.130
MinimumVisualStudioVersion = 10.0.40219.1
Project("{FAE04EC0-301F-11D3-BF4B-00C04F79EFBC}") = "DotNet_Day2", "DotNet_Day2\DotNet_Day2.csproj", "{ABDFD6BA-0D2D-45C9-B43C-F67244FD4234}"
EndProject
Global
	GlobalSection(SolutionConfigurationPlatforms) = preSolution
		Debug|Any CPU = Debug|Any CPU
		Release|Any CPU = Release|Any CPU
	EndGlobalSection
	GlobalSection(ProjectConfigurationPlatforms) = postSolution
		{ABDFD6BA-0D2D-45C9-B43C-F67244FD4234}.Debug|Any CPU.ActiveCfg = Debug|Any CPU
		{ABDFD6BA-0D2D-45C9-B43C-F67244FD4234}.Debug|Any CPU.Build.0 = Debug|Any CPU
		{ABDFD6BA-0D2D-45C9-B43C-F67244FD4234}.Release|Any CPU.ActiveCfg = Release|Any CPU
		{ABDFD6BA-0D2D-45C9-B43C-F67244FD4234}.Release|Any CPU.Build.0 = Release|Any CPU
	EndGlobalSection
	GlobalSection(SolutionProperties) = preSolution
		HideSolutionNode = FALSE
	EndGlobalSection
	GlobalSection(ExtensibilityGlobals) = postSolution
		SolutionGuid = {6B2CE023-B8DD-4FCC-A1CA-88416D5DD3C4}
	EndGlobalSection
EndGlobal
